
Microsoft Visual Studio Solution File, Format Version 12.00
# Visual Studio Version 16
VisualStudioVersion = 16.0.29326.143
MinimumVisualStudioVersion = 10.0.40219.1
Project("{9A19103F-16F7-4668-BE54-9A1E7A4F7556}") = "AdvAnalyzer.WebAPI", "AdvAnalyzer.WebAPI\AdvAnalyzer.WebAPI.csproj", "{89671A4B-FFB3-4211-9586-4C8A0ACEDA29}"
EndProject
Project("{FAE04EC0-301F-11D3-BF4B-00C04F79EFBC}") = "AdvAnalyzer.Auth", "AdvAnalyzer.Auth\AdvAnalyzer.Auth.csproj", "{F25451A5-D074-478B-BA88-0324C338BA49}"
EndProject
Project("{FAE04EC0-301F-11D3-BF4B-00C04F79EFBC}") = "AdvAnalyzer.Application", "AdvAnalyzer.Application\AdvAnalyzer.Application.csproj", "{95A7AA4D-544A-4276-BDDE-11DD02EAD6C2}"
EndProject
Project("{FAE04EC0-301F-11D3-BF4B-00C04F79EFBC}") = "AdvAnalyzer.Common", "AdvAnalyzer.Common\AdvAnalyzer.Common.csproj", "{7167E053-AE01-4342-BA97-8050858D35FE}"
EndProject
Project("{FAE04EC0-301F-11D3-BF4B-00C04F79EFBC}") = "AdvAnalyzer.Domain", "AdvAnalyzer.Domain\AdvAnalyzer.Domain.csproj", "{C499E5C0-B8CB-4B91-8206-AEAC99058094}"
EndProject
Project("{FAE04EC0-301F-11D3-BF4B-00C04F79EFBC}") = "AdvAnalyzer.Persistance", "AdvAnalyzer.Persistance\AdvAnalyzer.Persistance.csproj", "{ECB3966D-8A06-4675-A649-2239389F81D8}"
EndProject
Global
	GlobalSection(SolutionConfigurationPlatforms) = preSolution
		Debug|Any CPU = Debug|Any CPU
		Release|Any CPU = Release|Any CPU
	EndGlobalSection
	GlobalSection(ProjectConfigurationPlatforms) = postSolution
		{89671A4B-FFB3-4211-9586-4C8A0ACEDA29}.Debug|Any CPU.ActiveCfg = Debug|Any CPU
		{89671A4B-FFB3-4211-9586-4C8A0ACEDA29}.Debug|Any CPU.Build.0 = Debug|Any CPU
		{89671A4B-FFB3-4211-9586-4C8A0ACEDA29}.Release|Any CPU.ActiveCfg = Release|Any CPU
		{89671A4B-FFB3-4211-9586-4C8A0ACEDA29}.Release|Any CPU.Build.0 = Release|Any CPU
		{F25451A5-D074-478B-BA88-0324C338BA49}.Debug|Any CPU.ActiveCfg = Debug|Any CPU
		{F25451A5-D074-478B-BA88-0324C338BA49}.Debug|Any CPU.Build.0 = Debug|Any CPU
		{F25451A5-D074-478B-BA88-0324C338BA49}.Release|Any CPU.ActiveCfg = Release|Any CPU
		{F25451A5-D074-478B-BA88-0324C338BA49}.Release|Any CPU.Build.0 = Release|Any CPU
		{95A7AA4D-544A-4276-BDDE-11DD02EAD6C2}.Debug|Any CPU.ActiveCfg = Debug|Any CPU
		{95A7AA4D-544A-4276-BDDE-11DD02EAD6C2}.Debug|Any CPU.Build.0 = Debug|Any CPU
		{95A7AA4D-544A-4276-BDDE-11DD02EAD6C2}.Release|Any CPU.ActiveCfg = Release|Any CPU
		{95A7AA4D-544A-4276-BDDE-11DD02EAD6C2}.Release|Any CPU.Build.0 = Release|Any CPU
		{7167E053-AE01-4342-BA97-8050858D35FE}.Debug|Any CPU.ActiveCfg = Debug|Any CPU
		{7167E053-AE01-4342-BA97-8050858D35FE}.Debug|Any CPU.Build.0 = Debug|Any CPU
		{7167E053-AE01-4342-BA97-8050858D35FE}.Release|Any CPU.ActiveCfg = Release|Any CPU
		{7167E053-AE01-4342-BA97-8050858D35FE}.Release|Any CPU.Build.0 = Release|Any CPU
		{C499E5C0-B8CB-4B91-8206-AEAC99058094}.Debug|Any CPU.ActiveCfg = Debug|Any CPU
		{C499E5C0-B8CB-4B91-8206-AEAC99058094}.Debug|Any CPU.Build.0 = Debug|Any CPU
		{C499E5C0-B8CB-4B91-8206-AEAC99058094}.Release|Any CPU.ActiveCfg = Release|Any CPU
		{C499E5C0-B8CB-4B91-8206-AEAC99058094}.Release|Any CPU.Build.0 = Release|Any CPU
		{ECB3966D-8A06-4675-A649-2239389F81D8}.Debug|Any CPU.ActiveCfg = Debug|Any CPU
		{ECB3966D-8A06-4675-A649-2239389F81D8}.Debug|Any CPU.Build.0 = Debug|Any CPU
		{ECB3966D-8A06-4675-A649-2239389F81D8}.Release|Any CPU.ActiveCfg = Release|Any CPU
		{ECB3966D-8A06-4675-A649-2239389F81D8}.Release|Any CPU.Build.0 = Release|Any CPU
	EndGlobalSection
	GlobalSection(SolutionProperties) = preSolution
		HideSolutionNode = FALSE
	EndGlobalSection
	GlobalSection(ExtensibilityGlobals) = postSolution
		SolutionGuid = {70E430BA-4DDD-4A6A-8207-1DC0697421CF}
	EndGlobalSection
EndGlobal
