
Microsoft Visual Studio Solution File, Format Version 12.00
# Visual Studio Version 16
VisualStudioVersion = 16.0.29326.143
MinimumVisualStudioVersion = 10.0.40219.1
Project("{FAE04EC0-301F-11D3-BF4B-00C04F79EFBC}") = "AdvAnalyzer.WebAPI", "AdvAnalyzer.WebAPI\AdvAnalyzer.WebAPI.csproj", "{89671A4B-FFB3-4211-9586-4C8A0ACEDA29}"
EndProject
Global
	GlobalSection(SolutionConfigurationPlatforms) = preSolution
		Debug|Any CPU = Debug|Any CPU
		Release|Any CPU = Release|Any CPU
	EndGlobalSection
	GlobalSection(ProjectConfigurationPlatforms) = postSolution
		{89671A4B-FFB3-4211-9586-4C8A0ACEDA29}.Debug|Any CPU.ActiveCfg = Debug|Any CPU
		{89671A4B-FFB3-4211-9586-4C8A0ACEDA29}.Debug|Any CPU.Build.0 = Debug|Any CPU
		{89671A4B-FFB3-4211-9586-4C8A0ACEDA29}.Release|Any CPU.ActiveCfg = Release|Any CPU
		{89671A4B-FFB3-4211-9586-4C8A0ACEDA29}.Release|Any CPU.Build.0 = Release|Any CPU
	EndGlobalSection
	GlobalSection(SolutionProperties) = preSolution
		HideSolutionNode = FALSE
	EndGlobalSection
	GlobalSection(ExtensibilityGlobals) = postSolution
		SolutionGuid = {70E430BA-4DDD-4A6A-8207-1DC0697421CF}
	EndGlobalSection
EndGlobal
