
Microsoft Visual Studio Solution File, Format Version 12.00
# Visual Studio Version 17
VisualStudioVersion = 17.2.32616.157
MinimumVisualStudioVersion = 10.0.40219.1
Project("{FAE04EC0-301F-11D3-BF4B-00C04F79EFBC}") = "AdvAnalyzer.WebApi", "AdvAnalyzer.WebApi\AdvAnalyzer.WebApi.csproj", "{D1C04672-9F08-4A93-B6B1-2272F1886C32}"
EndProject
Global
	GlobalSection(SolutionConfigurationPlatforms) = preSolution
		Debug|Any CPU = Debug|Any CPU
		Release|Any CPU = Release|Any CPU
	EndGlobalSection
	GlobalSection(ProjectConfigurationPlatforms) = postSolution
		{D1C04672-9F08-4A93-B6B1-2272F1886C32}.Debug|Any CPU.ActiveCfg = Debug|Any CPU
		{D1C04672-9F08-4A93-B6B1-2272F1886C32}.Debug|Any CPU.Build.0 = Debug|Any CPU
		{D1C04672-9F08-4A93-B6B1-2272F1886C32}.Release|Any CPU.ActiveCfg = Release|Any CPU
		{D1C04672-9F08-4A93-B6B1-2272F1886C32}.Release|Any CPU.Build.0 = Release|Any CPU
	EndGlobalSection
	GlobalSection(SolutionProperties) = preSolution
		HideSolutionNode = FALSE
	EndGlobalSection
	GlobalSection(ExtensibilityGlobals) = postSolution
		SolutionGuid = {69091388-7CDA-4A1A-A348-5FA07C1BCEFB}
	EndGlobalSection
EndGlobal
